
Microsoft Visual Studio Solution File, Format Version 12.00
# Visual Studio Version 17
VisualStudioVersion = 17.3.32929.385
MinimumVisualStudioVersion = 10.0.40219.1
Project("{888888A0-9F3D-457C-B088-3A5042F75D52}") = "python_basic", "python_basic\python_basic.pyproj", "{9E06AD49-BC49-40B4-B155-8A02E6334BA3}"
EndProject
Project("{888888A0-9F3D-457C-B088-3A5042F75D52}") = "python_lists", "python_lists\python_lists.pyproj", "{E1536472-CE6B-4EB0-A4E3-46160A0E3094}"
EndProject
Project("{888888A0-9F3D-457C-B088-3A5042F75D52}") = "python_dictionaries", "python_dictionaries\python_dictionaries.pyproj", "{A8CABBC7-6BE4-45FB-B0CD-633F2A75135C}"
EndProject
Project("{888888A0-9F3D-457C-B088-3A5042F75D52}") = "python_loops", "python_loops\python_loops.pyproj", "{F8F12467-7374-4CEB-ABD4-2137FF0AF90B}"
EndProject
Project("{888888A0-9F3D-457C-B088-3A5042F75D52}") = "python_functions", "python_functions\python_functions.pyproj", "{3DD65FE5-6BA0-41A2-8DC4-21C864A6AAB1}"
EndProject
Project("{888888A0-9F3D-457C-B088-3A5042F75D52}") = "python_classes", "python_classes\python_classes.pyproj", "{B6D66128-0D1A-45C9-A0E8-7A1619D36633}"
EndProject
Project("{888888A0-9F3D-457C-B088-3A5042F75D52}") = "python_files", "python_files\python_files.pyproj", "{86558D79-63A6-49DA-B752-E3A0BCB05CDE}"
EndProject
Project("{888888A0-9F3D-457C-B088-3A5042F75D52}") = "python_tests", "python_tests\python_tests.pyproj", "{ED6276F7-101C-4B70-83E9-225BD4D72429}"
EndProject
Project("{888888A0-9F3D-457C-B088-3A5042F75D52}") = "python_pygame", "python_pygame\python_pygame.pyproj", "{EE60A3E6-B811-476D-BF0F-16A93E32BDBE}"
EndProject
Global
	GlobalSection(SolutionConfigurationPlatforms) = preSolution
		Debug|Any CPU = Debug|Any CPU
		Release|Any CPU = Release|Any CPU
	EndGlobalSection
	GlobalSection(ProjectConfigurationPlatforms) = postSolution
		{9E06AD49-BC49-40B4-B155-8A02E6334BA3}.Debug|Any CPU.ActiveCfg = Debug|Any CPU
		{9E06AD49-BC49-40B4-B155-8A02E6334BA3}.Release|Any CPU.ActiveCfg = Release|Any CPU
		{E1536472-CE6B-4EB0-A4E3-46160A0E3094}.Debug|Any CPU.ActiveCfg = Debug|Any CPU
		{E1536472-CE6B-4EB0-A4E3-46160A0E3094}.Release|Any CPU.ActiveCfg = Release|Any CPU
		{A8CABBC7-6BE4-45FB-B0CD-633F2A75135C}.Debug|Any CPU.ActiveCfg = Debug|Any CPU
		{A8CABBC7-6BE4-45FB-B0CD-633F2A75135C}.Release|Any CPU.ActiveCfg = Release|Any CPU
		{F8F12467-7374-4CEB-ABD4-2137FF0AF90B}.Debug|Any CPU.ActiveCfg = Debug|Any CPU
		{F8F12467-7374-4CEB-ABD4-2137FF0AF90B}.Release|Any CPU.ActiveCfg = Release|Any CPU
		{3DD65FE5-6BA0-41A2-8DC4-21C864A6AAB1}.Debug|Any CPU.ActiveCfg = Debug|Any CPU
		{3DD65FE5-6BA0-41A2-8DC4-21C864A6AAB1}.Release|Any CPU.ActiveCfg = Release|Any CPU
		{B6D66128-0D1A-45C9-A0E8-7A1619D36633}.Debug|Any CPU.ActiveCfg = Debug|Any CPU
		{B6D66128-0D1A-45C9-A0E8-7A1619D36633}.Release|Any CPU.ActiveCfg = Release|Any CPU
		{86558D79-63A6-49DA-B752-E3A0BCB05CDE}.Debug|Any CPU.ActiveCfg = Debug|Any CPU
		{86558D79-63A6-49DA-B752-E3A0BCB05CDE}.Release|Any CPU.ActiveCfg = Release|Any CPU
		{ED6276F7-101C-4B70-83E9-225BD4D72429}.Debug|Any CPU.ActiveCfg = Debug|Any CPU
		{ED6276F7-101C-4B70-83E9-225BD4D72429}.Release|Any CPU.ActiveCfg = Release|Any CPU
		{EE60A3E6-B811-476D-BF0F-16A93E32BDBE}.Debug|Any CPU.ActiveCfg = Debug|Any CPU
		{EE60A3E6-B811-476D-BF0F-16A93E32BDBE}.Release|Any CPU.ActiveCfg = Release|Any CPU
	EndGlobalSection
	GlobalSection(SolutionProperties) = preSolution
		HideSolutionNode = FALSE
	EndGlobalSection
	GlobalSection(ExtensibilityGlobals) = postSolution
		SolutionGuid = {03A85A46-2B9A-4EF0-BADD-D312087E50EB}
	EndGlobalSection
EndGlobal
